
Microsoft Visual Studio Solution File, Format Version 12.00
# Visual Studio 2012
Project("{E24C65DC-7377-472B-9ABA-BC803B73C61A}") = "小清新音乐网站", ".", "{EA069D87-62C0-4ACA-9AAC-57F14F699080}"
	ProjectSection(WebsiteProperties) = preProject
		TargetFrameworkMoniker = ".NETFramework,Version%3Dv4.0"
		Debug.AspNetCompiler.VirtualPath = "/小清新音乐网站"
		Debug.AspNetCompiler.PhysicalPath = "E:\Learning curriculum\Html5 + Css3\网页模板\小清新音乐网站\chahua3464\小清新音乐网站\"
		Debug.AspNetCompiler.TargetPath = "PrecompiledWeb\小清新音乐网站\"
		Debug.AspNetCompiler.Updateable = "true"
		Debug.AspNetCompiler.ForceOverwrite = "true"
		Debug.AspNetCompiler.FixedNames = "false"
		Debug.AspNetCompiler.Debug = "True"
		Release.AspNetCompiler.VirtualPath = "/小清新音乐网站"
		Release.AspNetCompiler.PhysicalPath = "E:\Learning curriculum\Html5 + Css3\网页模板\小清新音乐网站\chahua3464\小清新音乐网站\"
		Release.AspNetCompiler.TargetPath = "PrecompiledWeb\小清新音乐网站\"
		Release.AspNetCompiler.Updateable = "true"
		Release.AspNetCompiler.ForceOverwrite = "true"
		Release.AspNetCompiler.FixedNames = "false"
		Release.AspNetCompiler.Debug = "False"
		VWDPort = "6708"
	EndProjectSection
EndProject
Global
	GlobalSection(SolutionConfigurationPlatforms) = preSolution
		Debug|Any CPU = Debug|Any CPU
	EndGlobalSection
	GlobalSection(ProjectConfigurationPlatforms) = postSolution
		{EA069D87-62C0-4ACA-9AAC-57F14F699080}.Debug|Any CPU.ActiveCfg = Debug|Any CPU
		{EA069D87-62C0-4ACA-9AAC-57F14F699080}.Debug|Any CPU.Build.0 = Debug|Any CPU
	EndGlobalSection
	GlobalSection(SolutionProperties) = preSolution
		HideSolutionNode = FALSE
	EndGlobalSection
EndGlobal
