
Microsoft Visual Studio Solution File, Format Version 12.00
# Visual Studio 2012
Project("{E24C65DC-7377-472B-9ABA-BC803B73C61A}") = "红唇少女网站模板", ".", "{66949C46-9335-4922-9CA8-A18474D6A408}"
	ProjectSection(WebsiteProperties) = preProject
		TargetFrameworkMoniker = ".NETFramework,Version%3Dv4.0"
		Debug.AspNetCompiler.VirtualPath = "/红唇少女网站模板"
		Debug.AspNetCompiler.PhysicalPath = "E:\Learning curriculum\Html5 + Css3\网页模板\红唇少女html5模板\红唇少女网站模板\红唇少女网站模板\"
		Debug.AspNetCompiler.TargetPath = "PrecompiledWeb\红唇少女网站模板\"
		Debug.AspNetCompiler.Updateable = "true"
		Debug.AspNetCompiler.ForceOverwrite = "true"
		Debug.AspNetCompiler.FixedNames = "false"
		Debug.AspNetCompiler.Debug = "True"
		Release.AspNetCompiler.VirtualPath = "/红唇少女网站模板"
		Release.AspNetCompiler.PhysicalPath = "E:\Learning curriculum\Html5 + Css3\网页模板\红唇少女html5模板\红唇少女网站模板\红唇少女网站模板\"
		Release.AspNetCompiler.TargetPath = "PrecompiledWeb\红唇少女网站模板\"
		Release.AspNetCompiler.Updateable = "true"
		Release.AspNetCompiler.ForceOverwrite = "true"
		Release.AspNetCompiler.FixedNames = "false"
		Release.AspNetCompiler.Debug = "False"
		VWDPort = "8037"
	EndProjectSection
EndProject
Global
	GlobalSection(SolutionConfigurationPlatforms) = preSolution
		Debug|Any CPU = Debug|Any CPU
	EndGlobalSection
	GlobalSection(ProjectConfigurationPlatforms) = postSolution
		{66949C46-9335-4922-9CA8-A18474D6A408}.Debug|Any CPU.ActiveCfg = Debug|Any CPU
		{66949C46-9335-4922-9CA8-A18474D6A408}.Debug|Any CPU.Build.0 = Debug|Any CPU
	EndGlobalSection
	GlobalSection(SolutionProperties) = preSolution
		HideSolutionNode = FALSE
	EndGlobalSection
EndGlobal
